
Microsoft Visual Studio Solution File, Format Version 12.00
# Visual Studio Version 17
VisualStudioVersion = 17.0.31919.166
MinimumVisualStudioVersion = 10.0.40219.1
Project("{FAE04EC0-301F-11D3-BF4B-00C04F79EFBC}") = "OAuthApp.Api", "OAuthApp.Api\OAuthApp.Api.csproj", "{5E047B5C-2CF0-40AC-8329-0ED5AD8F24DC}"
EndProject
Project("{FAE04EC0-301F-11D3-BF4B-00C04F79EFBC}") = "OAuthApp.Data", "OAuthApp.Data\OAuthApp.Data.csproj", "{EA4CDF07-250A-4C66-81BB-38FE23B0F1D6}"
EndProject
Global
	GlobalSection(SolutionConfigurationPlatforms) = preSolution
		Debug|Any CPU = Debug|Any CPU
		Release|Any CPU = Release|Any CPU
	EndGlobalSection
	GlobalSection(ProjectConfigurationPlatforms) = postSolution
		{5E047B5C-2CF0-40AC-8329-0ED5AD8F24DC}.Debug|Any CPU.ActiveCfg = Debug|Any CPU
		{5E047B5C-2CF0-40AC-8329-0ED5AD8F24DC}.Debug|Any CPU.Build.0 = Debug|Any CPU
		{5E047B5C-2CF0-40AC-8329-0ED5AD8F24DC}.Release|Any CPU.ActiveCfg = Release|Any CPU
		{5E047B5C-2CF0-40AC-8329-0ED5AD8F24DC}.Release|Any CPU.Build.0 = Release|Any CPU
		{EA4CDF07-250A-4C66-81BB-38FE23B0F1D6}.Debug|Any CPU.ActiveCfg = Debug|Any CPU
		{EA4CDF07-250A-4C66-81BB-38FE23B0F1D6}.Debug|Any CPU.Build.0 = Debug|Any CPU
		{EA4CDF07-250A-4C66-81BB-38FE23B0F1D6}.Release|Any CPU.ActiveCfg = Release|Any CPU
		{EA4CDF07-250A-4C66-81BB-38FE23B0F1D6}.Release|Any CPU.Build.0 = Release|Any CPU
	EndGlobalSection
	GlobalSection(SolutionProperties) = preSolution
		HideSolutionNode = FALSE
	EndGlobalSection
	GlobalSection(ExtensibilityGlobals) = postSolution
		SolutionGuid = {403E7D8D-81DF-4F44-9E66-40CF068DE051}
	EndGlobalSection
EndGlobal
